
Microsoft Visual Studio Solution File, Format Version 12.00
# Visual Studio Version 16
VisualStudioVersion = 16.0.31025.194
MinimumVisualStudioVersion = 10.0.40219.1
Project("{FAE04EC0-301F-11D3-BF4B-00C04F79EFBC}") = "HobbiesFinalProject", "HobbiesFinalProject\HobbiesFinalProject.csproj", "{A127235B-F5FC-490F-87B4-824FDF0E4936}"
EndProject
Global
	GlobalSection(SolutionConfigurationPlatforms) = preSolution
		Debug|Any CPU = Debug|Any CPU
		Release|Any CPU = Release|Any CPU
	EndGlobalSection
	GlobalSection(ProjectConfigurationPlatforms) = postSolution
		{A127235B-F5FC-490F-87B4-824FDF0E4936}.Debug|Any CPU.ActiveCfg = Debug|Any CPU
		{A127235B-F5FC-490F-87B4-824FDF0E4936}.Debug|Any CPU.Build.0 = Debug|Any CPU
		{A127235B-F5FC-490F-87B4-824FDF0E4936}.Release|Any CPU.ActiveCfg = Release|Any CPU
		{A127235B-F5FC-490F-87B4-824FDF0E4936}.Release|Any CPU.Build.0 = Release|Any CPU
	EndGlobalSection
	GlobalSection(SolutionProperties) = preSolution
		HideSolutionNode = FALSE
	EndGlobalSection
	GlobalSection(ExtensibilityGlobals) = postSolution
		SolutionGuid = {6191F171-A04C-4563-A24A-AFB126709F67}
	EndGlobalSection
EndGlobal
